
Microsoft Visual Studio Solution File, Format Version 12.00
# Visual Studio 2012
Project("{FAE04EC0-301F-11D3-BF4B-00C04F79EFBC}") = "TESTWCF", "TESTWCF\TESTWCF.csproj", "{03CDA702-9D91-4B7C-AF1D-97F8988DAAC0}"
EndProject
Project("{FAE04EC0-301F-11D3-BF4B-00C04F79EFBC}") = "TESTClient", "TESTClient\TESTClient.csproj", "{715854B8-3B1A-46AD-A87B-F3F4DB6CEC79}"
	ProjectSection(ProjectDependencies) = postProject
		{03CDA702-9D91-4B7C-AF1D-97F8988DAAC0} = {03CDA702-9D91-4B7C-AF1D-97F8988DAAC0}
		{5C7FEF75-8C8F-44A3-86D8-2EB43873FB30} = {5C7FEF75-8C8F-44A3-86D8-2EB43873FB30}
	EndProjectSection
EndProject
Project("{FAE04EC0-301F-11D3-BF4B-00C04F79EFBC}") = "TESTWS", "TESTWS\TESTWS.csproj", "{5C7FEF75-8C8F-44A3-86D8-2EB43873FB30}"
EndProject
Project("{FAE04EC0-301F-11D3-BF4B-00C04F79EFBC}") = "TESTWCFRest", "TESTWCFRest\TESTWCFRest.csproj", "{00B46655-DAE8-4D81-9435-8EF2EE63BF02}"
EndProject
Project("{2150E333-8FDC-42A3-9474-1A3956D46DE8}") = "Solution Items", "Solution Items", "{24359BC8-879E-437D-B949-6A8E7F3EB597}"
	ProjectSection(SolutionItems) = preProject
		README.md = README.md
	EndProjectSection
EndProject
Global
	GlobalSection(SolutionConfigurationPlatforms) = preSolution
		Debug|Any CPU = Debug|Any CPU
		Release|Any CPU = Release|Any CPU
	EndGlobalSection
	GlobalSection(ProjectConfigurationPlatforms) = postSolution
		{03CDA702-9D91-4B7C-AF1D-97F8988DAAC0}.Debug|Any CPU.ActiveCfg = Debug|Any CPU
		{03CDA702-9D91-4B7C-AF1D-97F8988DAAC0}.Debug|Any CPU.Build.0 = Debug|Any CPU
		{03CDA702-9D91-4B7C-AF1D-97F8988DAAC0}.Release|Any CPU.ActiveCfg = Release|Any CPU
		{03CDA702-9D91-4B7C-AF1D-97F8988DAAC0}.Release|Any CPU.Build.0 = Release|Any CPU
		{715854B8-3B1A-46AD-A87B-F3F4DB6CEC79}.Debug|Any CPU.ActiveCfg = Debug|Any CPU
		{715854B8-3B1A-46AD-A87B-F3F4DB6CEC79}.Debug|Any CPU.Build.0 = Debug|Any CPU
		{715854B8-3B1A-46AD-A87B-F3F4DB6CEC79}.Release|Any CPU.ActiveCfg = Release|Any CPU
		{715854B8-3B1A-46AD-A87B-F3F4DB6CEC79}.Release|Any CPU.Build.0 = Release|Any CPU
		{5C7FEF75-8C8F-44A3-86D8-2EB43873FB30}.Debug|Any CPU.ActiveCfg = Debug|Any CPU
		{5C7FEF75-8C8F-44A3-86D8-2EB43873FB30}.Debug|Any CPU.Build.0 = Debug|Any CPU
		{5C7FEF75-8C8F-44A3-86D8-2EB43873FB30}.Release|Any CPU.ActiveCfg = Release|Any CPU
		{5C7FEF75-8C8F-44A3-86D8-2EB43873FB30}.Release|Any CPU.Build.0 = Release|Any CPU
		{00B46655-DAE8-4D81-9435-8EF2EE63BF02}.Debug|Any CPU.ActiveCfg = Debug|Any CPU
		{00B46655-DAE8-4D81-9435-8EF2EE63BF02}.Debug|Any CPU.Build.0 = Debug|Any CPU
		{00B46655-DAE8-4D81-9435-8EF2EE63BF02}.Release|Any CPU.ActiveCfg = Release|Any CPU
		{00B46655-DAE8-4D81-9435-8EF2EE63BF02}.Release|Any CPU.Build.0 = Release|Any CPU
	EndGlobalSection
	GlobalSection(SolutionProperties) = preSolution
		HideSolutionNode = FALSE
	EndGlobalSection
EndGlobal
